
Microsoft Visual Studio Solution File, Format Version 12.00
# Visual Studio Version 17
VisualStudioVersion = 17.6.33723.286
MinimumVisualStudioVersion = 10.0.40219.1
Project("{FAE04EC0-301F-11D3-BF4B-00C04F79EFBC}") = "StudentManagement", "StudentManagement\StudentManagement.csproj", "{ECF10E5E-B510-4CDD-9A98-E9FA9521A56D}"
EndProject
Global
	GlobalSection(SolutionConfigurationPlatforms) = preSolution
		Debug|Any CPU = Debug|Any CPU
		Release|Any CPU = Release|Any CPU
	EndGlobalSection
	GlobalSection(ProjectConfigurationPlatforms) = postSolution
		{ECF10E5E-B510-4CDD-9A98-E9FA9521A56D}.Debug|Any CPU.ActiveCfg = Debug|Any CPU
		{ECF10E5E-B510-4CDD-9A98-E9FA9521A56D}.Debug|Any CPU.Build.0 = Debug|Any CPU
		{ECF10E5E-B510-4CDD-9A98-E9FA9521A56D}.Release|Any CPU.ActiveCfg = Release|Any CPU
		{ECF10E5E-B510-4CDD-9A98-E9FA9521A56D}.Release|Any CPU.Build.0 = Release|Any CPU
	EndGlobalSection
	GlobalSection(SolutionProperties) = preSolution
		HideSolutionNode = FALSE
	EndGlobalSection
	GlobalSection(ExtensibilityGlobals) = postSolution
		SolutionGuid = {301C7EE4-C5E5-42CD-9B5D-552CE1B869F7}
	EndGlobalSection
EndGlobal
