
Microsoft Visual Studio Solution File, Format Version 12.00
# Visual Studio Version 17
VisualStudioVersion = 17.6.33723.286
MinimumVisualStudioVersion = 10.0.40219.1
Project("{FAE04EC0-301F-11D3-BF4B-00C04F79EFBC}") = "EmployeeAngularAPI", "EmployeeAngularAPI\EmployeeAngularAPI.csproj", "{33A55336-649B-4F3F-8619-31DCA0B910F3}"
EndProject
Project("{FAE04EC0-301F-11D3-BF4B-00C04F79EFBC}") = "EmployeeModel", "EmployeeModel\EmployeeModel.csproj", "{4273AD3B-74B0-4C5E-97DD-E12D09EF4930}"
EndProject
Project("{FAE04EC0-301F-11D3-BF4B-00C04F79EFBC}") = "EmployeeRepository", "EmployeeRepository\EmployeeRepository.csproj", "{47AD52B1-6826-4BCF-9E89-61BDFDAD8E15}"
EndProject
Global
	GlobalSection(SolutionConfigurationPlatforms) = preSolution
		Debug|Any CPU = Debug|Any CPU
		Release|Any CPU = Release|Any CPU
	EndGlobalSection
	GlobalSection(ProjectConfigurationPlatforms) = postSolution
		{33A55336-649B-4F3F-8619-31DCA0B910F3}.Debug|Any CPU.ActiveCfg = Debug|Any CPU
		{33A55336-649B-4F3F-8619-31DCA0B910F3}.Debug|Any CPU.Build.0 = Debug|Any CPU
		{33A55336-649B-4F3F-8619-31DCA0B910F3}.Release|Any CPU.ActiveCfg = Release|Any CPU
		{33A55336-649B-4F3F-8619-31DCA0B910F3}.Release|Any CPU.Build.0 = Release|Any CPU
		{4273AD3B-74B0-4C5E-97DD-E12D09EF4930}.Debug|Any CPU.ActiveCfg = Debug|Any CPU
		{4273AD3B-74B0-4C5E-97DD-E12D09EF4930}.Debug|Any CPU.Build.0 = Debug|Any CPU
		{4273AD3B-74B0-4C5E-97DD-E12D09EF4930}.Release|Any CPU.ActiveCfg = Release|Any CPU
		{4273AD3B-74B0-4C5E-97DD-E12D09EF4930}.Release|Any CPU.Build.0 = Release|Any CPU
		{47AD52B1-6826-4BCF-9E89-61BDFDAD8E15}.Debug|Any CPU.ActiveCfg = Debug|Any CPU
		{47AD52B1-6826-4BCF-9E89-61BDFDAD8E15}.Debug|Any CPU.Build.0 = Debug|Any CPU
		{47AD52B1-6826-4BCF-9E89-61BDFDAD8E15}.Release|Any CPU.ActiveCfg = Release|Any CPU
		{47AD52B1-6826-4BCF-9E89-61BDFDAD8E15}.Release|Any CPU.Build.0 = Release|Any CPU
	EndGlobalSection
	GlobalSection(SolutionProperties) = preSolution
		HideSolutionNode = FALSE
	EndGlobalSection
	GlobalSection(ExtensibilityGlobals) = postSolution
		SolutionGuid = {E408D96C-8C40-4DF0-A367-C63814372171}
	EndGlobalSection
EndGlobal
