
Microsoft Visual Studio Solution File, Format Version 12.00
# Visual Studio Version 17
VisualStudioVersion = 17.6.33723.286
MinimumVisualStudioVersion = 10.0.40219.1
Project("{9A19103F-16F7-4668-BE54-9A1E7A4F7556}") = "EmployeeApp", "EmployeeApp\EmployeeApp.csproj", "{7551D998-BFF9-42C3-ACB7-924E46298EB2}"
EndProject
Project("{9A19103F-16F7-4668-BE54-9A1E7A4F7556}") = "EmployeeModel", "..\EmployeeModel\EmployeeModel\EmployeeModel.csproj", "{1C725F5E-58D8-44A5-AE72-5DFD3C1565D7}"
EndProject
Global
	GlobalSection(SolutionConfigurationPlatforms) = preSolution
		Debug|Any CPU = Debug|Any CPU
		Release|Any CPU = Release|Any CPU
	EndGlobalSection
	GlobalSection(ProjectConfigurationPlatforms) = postSolution
		{7551D998-BFF9-42C3-ACB7-924E46298EB2}.Debug|Any CPU.ActiveCfg = Debug|Any CPU
		{7551D998-BFF9-42C3-ACB7-924E46298EB2}.Debug|Any CPU.Build.0 = Debug|Any CPU
		{7551D998-BFF9-42C3-ACB7-924E46298EB2}.Release|Any CPU.ActiveCfg = Release|Any CPU
		{7551D998-BFF9-42C3-ACB7-924E46298EB2}.Release|Any CPU.Build.0 = Release|Any CPU
		{1C725F5E-58D8-44A5-AE72-5DFD3C1565D7}.Debug|Any CPU.ActiveCfg = Debug|Any CPU
		{1C725F5E-58D8-44A5-AE72-5DFD3C1565D7}.Debug|Any CPU.Build.0 = Debug|Any CPU
		{1C725F5E-58D8-44A5-AE72-5DFD3C1565D7}.Release|Any CPU.ActiveCfg = Release|Any CPU
		{1C725F5E-58D8-44A5-AE72-5DFD3C1565D7}.Release|Any CPU.Build.0 = Release|Any CPU
	EndGlobalSection
	GlobalSection(SolutionProperties) = preSolution
		HideSolutionNode = FALSE
	EndGlobalSection
	GlobalSection(ExtensibilityGlobals) = postSolution
		SolutionGuid = {E63A9704-06A8-4AAE-BCB4-E1B8069A265F}
	EndGlobalSection
EndGlobal
