
Microsoft Visual Studio Solution File, Format Version 12.00
# Visual Studio Version 17
VisualStudioVersion = 17.6.33723.286
MinimumVisualStudioVersion = 10.0.40219.1
Project("{FAE04EC0-301F-11D3-BF4B-00C04F79EFBC}") = "GenericClass", "GenericClass\GenericClass.csproj", "{70D7A450-C1E4-4F14-904D-F63301267226}"
EndProject
Global
	GlobalSection(SolutionConfigurationPlatforms) = preSolution
		Debug|Any CPU = Debug|Any CPU
		Release|Any CPU = Release|Any CPU
	EndGlobalSection
	GlobalSection(ProjectConfigurationPlatforms) = postSolution
		{70D7A450-C1E4-4F14-904D-F63301267226}.Debug|Any CPU.ActiveCfg = Debug|Any CPU
		{70D7A450-C1E4-4F14-904D-F63301267226}.Debug|Any CPU.Build.0 = Debug|Any CPU
		{70D7A450-C1E4-4F14-904D-F63301267226}.Release|Any CPU.ActiveCfg = Release|Any CPU
		{70D7A450-C1E4-4F14-904D-F63301267226}.Release|Any CPU.Build.0 = Release|Any CPU
	EndGlobalSection
	GlobalSection(SolutionProperties) = preSolution
		HideSolutionNode = FALSE
	EndGlobalSection
	GlobalSection(ExtensibilityGlobals) = postSolution
		SolutionGuid = {A8EE6034-3C24-4FB2-A319-A23B6912A8DE}
	EndGlobalSection
EndGlobal
